
Microsoft Visual Studio Solution File, Format Version 12.00
# Visual Studio 15
VisualStudioVersion = 15.0.26730.12
MinimumVisualStudioVersion = 10.0.40219.1
Project("{FAE04EC0-301F-11D3-BF4B-00C04F79EFBC}") = "Picture Viewer", "Picture Viewer\Picture Viewer.csproj", "{75EB9798-92D7-42BA-8D07-B4A8C0336AEB}"
EndProject
Global
	GlobalSection(SolutionConfigurationPlatforms) = preSolution
		Debug|Any CPU = Debug|Any CPU
		Release|Any CPU = Release|Any CPU
	EndGlobalSection
	GlobalSection(ProjectConfigurationPlatforms) = postSolution
		{75EB9798-92D7-42BA-8D07-B4A8C0336AEB}.Debug|Any CPU.ActiveCfg = Debug|Any CPU
		{75EB9798-92D7-42BA-8D07-B4A8C0336AEB}.Debug|Any CPU.Build.0 = Debug|Any CPU
		{75EB9798-92D7-42BA-8D07-B4A8C0336AEB}.Release|Any CPU.ActiveCfg = Release|Any CPU
		{75EB9798-92D7-42BA-8D07-B4A8C0336AEB}.Release|Any CPU.Build.0 = Release|Any CPU
	EndGlobalSection
	GlobalSection(SolutionProperties) = preSolution
		HideSolutionNode = FALSE
	EndGlobalSection
	GlobalSection(ExtensibilityGlobals) = postSolution
		SolutionGuid = {20925F71-BDB3-473B-89EF-DB93CAAE5DCA}
	EndGlobalSection
EndGlobal
